// !$*UTF8*$!
{
	archiveVersion = 1;
	classes = {
	};
	objectVersion = 50;
	objects = {

/* Begin PBXBuildFile section */
		848DFB78269F7839003466A9 /* AppDelegate.m in Sources */ = {isa = PBXBuildFile; fileRef = 848DFB77269F7839003466A9 /* AppDelegate.m */; };
		848DFB7B269F7839003466A9 /* SceneDelegate.m in Sources */ = {isa = PBXBuildFile; fileRef = 848DFB7A269F7839003466A9 /* SceneDelegate.m */; };
		848DFB7E269F7839003466A9 /* ViewController.m in Sources */ = {isa = PBXBuildFile; fileRef = 848DFB7D269F7839003466A9 /* ViewController.m */; };
		848DFB81269F7839003466A9 /* Main.storyboard in Resources */ = {isa = PBXBuildFile; fileRef = 848DFB7F269F7839003466A9 /* Main.storyboard */; };
		848DFB83269F783A003466A9 /* Assets.xcassets in Resources */ = {isa = PBXBuildFile; fileRef = 848DFB82269F783A003466A9 /* Assets.xcassets */; };
		848DFB86269F783A003466A9 /* LaunchScreen.storyboard in Resources */ = {isa = PBXBuildFile; fileRef = 848DFB84269F783A003466A9 /* LaunchScreen.storyboard */; };
		848DFB89269F783A003466A9 /* main.m in Sources */ = {isa = PBXBuildFile; fileRef = 848DFB88269F783A003466A9 /* main.m */; };
		848DFB92269F7992003466A9 /* PDFKit-Basics.pdf in Resources */ = {isa = PBXBuildFile; fileRef = 848DFB91269F7991003466A9 /* PDFKit-Basics.pdf */; };
/* End PBXBuildFile section */

/* Begin PBXFileReference section */
		848DFB73269F7839003466A9 /* pdfkit-basics.app */ = {isa = PBXFileReference; explicitFileType = wrapper.application; includeInIndex = 0; path = "pdfkit-basics.app"; sourceTree = BUILT_PRODUCTS_DIR; };
		848DFB76269F7839003466A9 /* AppDelegate.h */ = {isa = PBXFileReference; lastKnownFileType = sourcecode.c.h; path = AppDelegate.h; sourceTree = "<group>"; };
		848DFB77269F7839003466A9 /* AppDelegate.m */ = {isa = PBXFileReference; lastKnownFileType = sourcecode.c.objc; path = AppDelegate.m; sourceTree = "<group>"; };
		848DFB79269F7839003466A9 /* SceneDelegate.h */ = {isa = PBXFileReference; lastKnownFileType = sourcecode.c.h; path = SceneDelegate.h; sourceTree = "<group>"; };
		848DFB7A269F7839003466A9 /* SceneDelegate.m */ = {isa = PBXFileReference; lastKnownFileType = sourcecode.c.objc; path = SceneDelegate.m; sourceTree = "<group>"; };
		848DFB7C269F7839003466A9 /* ViewController.h */ = {isa = PBXFileReference; lastKnownFileType = sourcecode.c.h; path = ViewController.h; sourceTree = "<group>"; };
		848DFB7D269F7839003466A9 /* ViewController.m */ = {isa = PBXFileReference; lastKnownFileType = sourcecode.c.objc; path = ViewController.m; sourceTree = "<group>"; };
		848DFB80269F7839003466A9 /* Base */ = {isa = PBXFileReference; lastKnownFileType = file.storyboard; name = Base; path = Base.lproj/Main.storyboard; sourceTree = "<group>"; };
		848DFB82269F783A003466A9 /* Assets.xcassets */ = {isa = PBXFileReference; lastKnownFileType = folder.assetcatalog; path = Assets.xcassets; sourceTree = "<group>"; };
		848DFB85269F783A003466A9 /* Base */ = {isa = PBXFileReference; lastKnownFileType = file.storyboard; name = Base; path = Base.lproj/LaunchScreen.storyboard; sourceTree = "<group>"; };
		848DFB87269F783A003466A9 /* Info.plist */ = {isa = PBXFileReference; lastKnownFileType = text.plist.xml; path = Info.plist; sourceTree = "<group>"; };
		848DFB88269F783A003466A9 /* main.m */ = {isa = PBXFileReference; lastKnownFileType = sourcecode.c.objc; path = main.m; sourceTree = "<group>"; };
		848DFB91269F7991003466A9 /* PDFKit-Basics.pdf */ = {isa = PBXFileReference; lastKnownFileType = image.pdf; path = "PDFKit-Basics.pdf"; sourceTree = "<group>"; };
/* End PBXFileReference section */

/* Begin PBXFrameworksBuildPhase section */
		848DFB70269F7839003466A9 /* Frameworks */ = {
			isa = PBXFrameworksBuildPhase;
			buildActionMask = 2147483647;
			files = (
			);
			runOnlyForDeploymentPostprocessing = 0;
		};
/* End PBXFrameworksBuildPhase section */

/* Begin PBXGroup section */
		848DFB6A269F7839003466A9 = {
			isa = PBXGroup;
			children = (
				848DFB75269F7839003466A9 /* pdfkit-basics */,
				848DFB74269F7839003466A9 /* Products */,
			);
			sourceTree = "<group>";
		};
		848DFB74269F7839003466A9 /* Products */ = {
			isa = PBXGroup;
			children = (
				848DFB73269F7839003466A9 /* pdfkit-basics.app */,
			);
			name = Products;
			sourceTree = "<group>";
		};
		848DFB75269F7839003466A9 /* pdfkit-basics */ = {
			isa = PBXGroup;
			children = (
				848DFB90269F797B003466A9 /* PDF */,
				848DFB76269F7839003466A9 /* AppDelegate.h */,
				848DFB77269F7839003466A9 /* AppDelegate.m */,
				848DFB79269F7839003466A9 /* SceneDelegate.h */,
				848DFB7A269F7839003466A9 /* SceneDelegate.m */,
				848DFB7C269F7839003466A9 /* ViewController.h */,
				848DFB7D269F7839003466A9 /* ViewController.m */,
				848DFB7F269F7839003466A9 /* Main.storyboard */,
				848DFB82269F783A003466A9 /* Assets.xcassets */,
				848DFB84269F783A003466A9 /* LaunchScreen.storyboard */,
				848DFB87269F783A003466A9 /* Info.plist */,
				848DFB88269F783A003466A9 /* main.m */,
			);
			path = "pdfkit-basics";
			sourceTree = "<group>";
		};
		848DFB90269F797B003466A9 /* PDF */ = {
			isa = PBXGroup;
			children = (
				848DFB91269F7991003466A9 /* PDFKit-Basics.pdf */,
			);
			path = PDF;
			sourceTree = "<group>";
		};
/* End PBXGroup section */

/* Begin PBXNativeTarget section */
		848DFB72269F7839003466A9 /* pdfkit-basics */ = {
			isa = PBXNativeTarget;
			buildConfigurationList = 848DFB8C269F783A003466A9 /* Build configuration list for PBXNativeTarget "pdfkit-basics" */;
			buildPhases = (
				848DFB6F269F7839003466A9 /* Sources */,
				848DFB70269F7839003466A9 /* Frameworks */,
				848DFB71269F7839003466A9 /* Resources */,
			);
			buildRules = (
			);
			dependencies = (
			);
			name = "pdfkit-basics";
			productName = "pdfkit-basics";
			productReference = 848DFB73269F7839003466A9 /* pdfkit-basics.app */;
			productType = "com.apple.product-type.application";
		};
/* End PBXNativeTarget section */

/* Begin PBXProject section */
		848DFB6B269F7839003466A9 /* Project object */ = {
			isa = PBXProject;
			attributes = {
				LastUpgradeCheck = 1240;
				TargetAttributes = {
					848DFB72269F7839003466A9 = {
						CreatedOnToolsVersion = 12.4;
					};
				};
			};
			buildConfigurationList = 848DFB6E269F7839003466A9 /* Build configuration list for PBXProject "pdfkit-basics" */;
			compatibilityVersion = "Xcode 9.3";
			developmentRegion = en;
			hasScannedForEncodings = 0;
			knownRegions = (
				en,
				Base,
			);
			mainGroup = 848DFB6A269F7839003466A9;
			productRefGroup = 848DFB74269F7839003466A9 /* Products */;
			projectDirPath = "";
			projectRoot = "";
			targets = (
				848DFB72269F7839003466A9 /* pdfkit-basics */,
			);
		};
/* End PBXProject section */

/* Begin PBXResourcesBuildPhase section */
		848DFB71269F7839003466A9 /* Resources */ = {
			isa = PBXResourcesBuildPhase;
			buildActionMask = 2147483647;
			files = (
				848DFB86269F783A003466A9 /* LaunchScreen.storyboard in Resources */,
				848DFB92269F7992003466A9 /* PDFKit-Basics.pdf in Resources */,
				848DFB83269F783A003466A9 /* Assets.xcassets in Resources */,
				848DFB81269F7839003466A9 /* Main.storyboard in Resources */,
			);
			runOnlyForDeploymentPostprocessing = 0;
		};
/* End PBXResourcesBuildPhase section */

/* Begin PBXSourcesBuildPhase section */
		848DFB6F269F7839003466A9 /* Sources */ = {
			isa = PBXSourcesBuildPhase;
			buildActionMask = 2147483647;
			files = (
				848DFB7E269F7839003466A9 /* ViewController.m in Sources */,
				848DFB78269F7839003466A9 /* AppDelegate.m in Sources */,
				848DFB89269F783A003466A9 /* main.m in Sources */,
				848DFB7B269F7839003466A9 /* SceneDelegate.m in Sources */,
			);
			runOnlyForDeploymentPostprocessing = 0;
		};
/* End PBXSourcesBuildPhase section */

/* Begin PBXVariantGroup section */
		848DFB7F269F7839003466A9 /* Main.storyboard */ = {
			isa = PBXVariantGroup;
			children = (
				848DFB80269F7839003466A9 /* Base */,
			);
			name = Main.storyboard;
			sourceTree = "<group>";
		};
		848DFB84269F783A003466A9 /* LaunchScreen.storyboard */ = {
			isa = PBXVariantGroup;
			children = (
				848DFB85269F783A003466A9 /* Base */,
			);
			name = LaunchScreen.storyboard;
			sourceTree = "<group>";
		};
/* End PBXVariantGroup section */

/* Begin XCBuildConfiguration section */
		848DFB8A269F783A003466A9 /* Debug */ = {
			isa = XCBuildConfiguration;
			buildSettings = {
				ALWAYS_SEARCH_USER_PATHS = NO;
				CLANG_ANALYZER_NONNULL = YES;
				CLANG_ANALYZER_NUMBER_OBJECT_CONVERSION = YES_AGGRESSIVE;
				CLANG_CXX_LANGUAGE_STANDARD = "gnu++14";
				CLANG_CXX_LIBRARY = "libc++";
				CLANG_ENABLE_MODULES = YES;
				CLANG_ENABLE_OBJC_ARC = YES;
				CLANG_ENABLE_OBJC_WEAK = YES;
				CLANG_WARN_BLOCK_CAPTURE_AUTORELEASING = YES;
				CLANG_WARN_BOOL_CONVERSION = YES;
				CLANG_WARN_COMMA = YES;
				CLANG_WARN_CONSTANT_CONVERSION = YES;
				CLANG_WARN_DEPRECATED_OBJC_IMPLEMENTATIONS = YES;
				CLANG_WARN_DIRECT_OBJC_ISA_USAGE = YES_ERROR;
				CLANG_WARN_DOCUMENTATION_COMMENTS = YES;
				CLANG_WARN_EMPTY_BODY = YES;
				CLANG_WARN_ENUM_CONVERSION = YES;
				CLANG_WARN_INFINITE_RECURSION = YES;
				CLANG_WARN_INT_CONVERSION = YES;
				CLANG_WARN_NON_LITERAL_NULL_CONVERSION = YES;
				CLANG_WARN_OBJC_IMPLICIT_RETAIN_SELF = YES;
				CLANG_WARN_OBJC_LITERAL_CONVERSION = YES;
				CLANG_WARN_OBJC_ROOT_CLASS = YES_ERROR;
				CLANG_WARN_QUOTED_INCLUDE_IN_FRAMEWORK_HEADER = YES;
				CLANG_WARN_RANGE_LOOP_ANALYSIS = YES;
				CLANG_WARN_STRICT_PROTOTYPES = YES;
				CLANG_WARN_SUSPICIOUS_MOVE = YES;
				CLANG_WARN_UNGUARDED_AVAILABILITY = YES_AGGRESSIVE;
				CLANG_WARN_UNREACHABLE_CODE = YES;
				CLANG_WARN__DUPLICATE_METHOD_MATCH = YES;
				COPY_PHASE_STRIP = NO;
				DEBUG_INFORMATION_FORMAT = dwarf;
				ENABLE_STRICT_OBJC_MSGSEND = YES;
				ENABLE_TESTABILITY = YES;
				GCC_C_LANGUAGE_STANDARD = gnu11;
				GCC_DYNAMIC_NO_PIC = NO;
				GCC_NO_COMMON_BLOCKS = YES;
				GCC_OPTIMIZATION_LEVEL = 0;
				GCC_PREPROCESSOR_DEFINITIONS = (
					"DEBUG=1",
					"$(inherited)",
				);
				GCC_WARN_64_TO_32_BIT_CONVERSION = YES;
				GCC_WARN_ABOUT_RETURN_TYPE = YES_ERROR;
				GCC_WARN_UNDECLARED_SELECTOR = YES;
				GCC_WARN_UNINITIALIZED_AUTOS = YES_AGGRESSIVE;
				GCC_WARN_UNUSED_FUNCTION = YES;
				GCC_WARN_UNUSED_VARIABLE = YES;
				IPHONEOS_DEPLOYMENT_TARGET = 14.4;
				MTL_ENABLE_DEBUG_INFO = INCLUDE_SOURCE;
				MTL_FAST_MATH = YES;
				ONLY_ACTIVE_ARCH = YES;
				SDKROOT = iphoneos;
			};
			name = Debug;
		};
		848DFB8B269F783A003466A9 /* Release */ = {
			isa = XCBuildConfiguration;
			buildSettings = {
				ALWAYS_SEARCH_USER_PATHS = NO;
				CLANG_ANALYZER_NONNULL = YES;
				CLANG_ANALYZER_NUMBER_OBJECT_CONVERSION = YES_AGGRESSIVE;
				CLANG_CXX_LANGUAGE_STANDARD = "gnu++14";
				CLANG_CXX_LIBRARY = "libc++";
				CLANG_ENABLE_MODULES = YES;
				CLANG_ENABLE_OBJC_ARC = YES;
				CLANG_ENABLE_OBJC_WEAK = YES;
				CLANG_WARN_BLOCK_CAPTURE_AUTORELEASING = YES;
				CLANG_WARN_BOOL_CONVERSION = YES;
				CLANG_WARN_COMMA = YES;
				CLANG_WARN_CONSTANT_CONVERSION = YES;
				CLANG_WARN_DEPRECATED_OBJC_IMPLEMENTATIONS = YES;
				CLANG_WARN_DIRECT_OBJC_ISA_USAGE = YES_ERROR;
				CLANG_WARN_DOCUMENTATION_COMMENTS = YES;
				CLANG_WARN_EMPTY_BODY = YES;
				CLANG_WARN_ENUM_CONVERSION = YES;
				CLANG_WARN_INFINITE_RECURSION = YES;
				CLANG_WARN_INT_CONVERSION = YES;
				CLANG_WARN_NON_LITERAL_NULL_CONVERSION = YES;
				CLANG_WARN_OBJC_IMPLICIT_RETAIN_SELF = YES;
				CLANG_WARN_OBJC_LITERAL_CONVERSION = YES;
				CLANG_WARN_OBJC_ROOT_CLASS = YES_ERROR;
				CLANG_WARN_QUOTED_INCLUDE_IN_FRAMEWORK_HEADER = YES;
				CLANG_WARN_RANGE_LOOP_ANALYSIS = YES;
				CLANG_WARN_STRICT_PROTOTYPES = YES;
				CLANG_WARN_SUSPICIOUS_MOVE = YES;
				CLANG_WARN_UNGUARDED_AVAILABILITY = YES_AGGRESSIVE;
				CLANG_WARN_UNREACHABLE_CODE = YES;
				CLANG_WARN__DUPLICATE_METHOD_MATCH = YES;
				COPY_PHASE_STRIP = NO;
				DEBUG_INFORMATION_FORMAT = "dwarf-with-dsym";
				ENABLE_NS_ASSERTIONS = NO;
				ENABLE_STRICT_OBJC_MSGSEND = YES;
				GCC_C_LANGUAGE_STANDARD = gnu11;
				GCC_NO_COMMON_BLOCKS = YES;
				GCC_WARN_64_TO_32_BIT_CONVERSION = YES;
				GCC_WARN_ABOUT_RETURN_TYPE = YES_ERROR;
				GCC_WARN_UNDECLARED_SELECTOR = YES;
				GCC_WARN_UNINITIALIZED_AUTOS = YES_AGGRESSIVE;
				GCC_WARN_UNUSED_FUNCTION = YES;
				GCC_WARN_UNUSED_VARIABLE = YES;
				IPHONEOS_DEPLOYMENT_TARGET = 14.4;
				MTL_ENABLE_DEBUG_INFO = NO;
				MTL_FAST_MATH = YES;
				SDKROOT = iphoneos;
				VALIDATE_PRODUCT = YES;
			};
			name = Release;
		};
		848DFB8D269F783A003466A9 /* Debug */ = {
			isa = XCBuildConfiguration;
			buildSettings = {
				ASSETCATALOG_COMPILER_APPICON_NAME = AppIcon;
				ASSETCATALOG_COMPILER_GLOBAL_ACCENT_COLOR_NAME = AccentColor;
				CODE_SIGN_STYLE = Automatic;
				DEVELOPMENT_TEAM = "";
				INFOPLIST_FILE = "pdfkit-basics/Info.plist";
				IPHONEOS_DEPLOYMENT_TARGET = 13.0;
				LD_RUNPATH_SEARCH_PATHS = (
					"$(inherited)",
					"@executable_path/Frameworks",
				);
				PRODUCT_BUNDLE_IDENTIFIER = "com.pdfkit-objc-examples.pdfkit-basics";
				PRODUCT_NAME = "$(TARGET_NAME)";
				TARGETED_DEVICE_FAMILY = "1,2";
			};
			name = Debug;
		};
		848DFB8E269F783A003466A9 /* Release */ = {
			isa = XCBuildConfiguration;
			buildSettings = {
				ASSETCATALOG_COMPILER_APPICON_NAME = AppIcon;
				ASSETCATALOG_COMPILER_GLOBAL_ACCENT_COLOR_NAME = AccentColor;
				CODE_SIGN_STYLE = Automatic;
				DEVELOPMENT_TEAM = "";
				INFOPLIST_FILE = "pdfkit-basics/Info.plist";
				IPHONEOS_DEPLOYMENT_TARGET = 13.0;
				LD_RUNPATH_SEARCH_PATHS = (
					"$(inherited)",
					"@executable_path/Frameworks",
				);
				PRODUCT_BUNDLE_IDENTIFIER = "com.pdfkit-objc-examples.pdfkit-basics";
				PRODUCT_NAME = "$(TARGET_NAME)";
				TARGETED_DEVICE_FAMILY = "1,2";
			};
			name = Release;
		};
/* End XCBuildConfiguration section */

/* Begin XCConfigurationList section */
		848DFB6E269F7839003466A9 /* Build configuration list for PBXProject "pdfkit-basics" */ = {
			isa = XCConfigurationList;
			buildConfigurations = (
				848DFB8A269F783A003466A9 /* Debug */,
				848DFB8B269F783A003466A9 /* Release */,
			);
			defaultConfigurationIsVisible = 0;
			defaultConfigurationName = Release;
		};
		848DFB8C269F783A003466A9 /* Build configuration list for PBXNativeTarget "pdfkit-basics" */ = {
			isa = XCConfigurationList;
			buildConfigurations = (
				848DFB8D269F783A003466A9 /* Debug */,
				848DFB8E269F783A003466A9 /* Release */,
			);
			defaultConfigurationIsVisible = 0;
			defaultConfigurationName = Release;
		};
/* End XCConfigurationList section */
	};
	rootObject = 848DFB6B269F7839003466A9 /* Project object */;
}
